{
  "name": "station-actions",
  "version": "0.0.0",
  "lockfileVersion": 3,
  "requires": true,
  "packages": {
    "": {
      "name": "station-actions",
      "version": "0.0.0",
      "license": "MIT",
      "dependencies": {
        "@the-stations-project/sdk": "^0.3.2"
      },
      "bin": {
        "actions": "actions.js",
        "actions-init": "init.js"
      }
    },
    "node_modules/@the-stations-project/sdk": {
      "version": "0.3.2",
      "resolved": "https://registry.npmjs.org/@the-stations-project/sdk/-/sdk-0.3.2.tgz",
      "integrity": "sha512-LlnTgxcU2UtGfONA4YV4HL/0Q4sLQhSNywqrcV7hXf4QWZgQLbBpMNhNJosa+cPkwUM5NjbxtuVyJ+gW6ZOGfQ==",
      "dependencies": {
        "@types/node": "^18.11.19"
      }
    },
    "node_modules/@types/node": {
      "version": "18.14.1",
      "resolved": "https://registry.npmjs.org/@types/node/-/node-18.14.1.tgz",
      "integrity": "sha512-QH+37Qds3E0eDlReeboBxfHbX9omAcBCXEzswCu6jySP642jiM3cYSIkU/REqwhCUqXdonHFuBfJDiAJxMNhaQ=="
    }
  }
}
